
Microsoft Visual Studio Solution File, Format Version 12.00
# Visual Studio Version 16
VisualStudioVersion = 16.0.31105.61
MinimumVisualStudioVersion = 10.0.40219.1
Project("{9A19103F-16F7-4668-BE54-9A1E7A4F7556}") = "PrimeiroProjeto", "PrimeiroProjeto\PrimeiroProjeto.csproj", "{3F64FF19-53BA-4111-97D8-34B257B56382}"
EndProject
Project("{FAE04EC0-301F-11D3-BF4B-00C04F79EFBC}") = "ComplementarU_Heranca_Formas", "ComplementarU_Heranca_Formas\ComplementarU_Heranca_Formas.csproj", "{0C5C1F4D-B226-413B-AE8B-A5C9E6BAF565}"
EndProject
Project("{FAE04EC0-301F-11D3-BF4B-00C04F79EFBC}") = "ComplementarDois_Heranca_Interface", "ComplementarDois_Heranca_Interface\ComplementarDois_Heranca_Interface.csproj", "{6D53B3CD-E54B-4D69-A9F9-41FEA8DB4FB1}"
EndProject
Global
	GlobalSection(SolutionConfigurationPlatforms) = preSolution
		Debug|Any CPU = Debug|Any CPU
		Release|Any CPU = Release|Any CPU
	EndGlobalSection
	GlobalSection(ProjectConfigurationPlatforms) = postSolution
		{3F64FF19-53BA-4111-97D8-34B257B56382}.Debug|Any CPU.ActiveCfg = Debug|Any CPU
		{3F64FF19-53BA-4111-97D8-34B257B56382}.Debug|Any CPU.Build.0 = Debug|Any CPU
		{3F64FF19-53BA-4111-97D8-34B257B56382}.Release|Any CPU.ActiveCfg = Release|Any CPU
		{3F64FF19-53BA-4111-97D8-34B257B56382}.Release|Any CPU.Build.0 = Release|Any CPU
		{0C5C1F4D-B226-413B-AE8B-A5C9E6BAF565}.Debug|Any CPU.ActiveCfg = Debug|Any CPU
		{0C5C1F4D-B226-413B-AE8B-A5C9E6BAF565}.Debug|Any CPU.Build.0 = Debug|Any CPU
		{0C5C1F4D-B226-413B-AE8B-A5C9E6BAF565}.Release|Any CPU.ActiveCfg = Release|Any CPU
		{0C5C1F4D-B226-413B-AE8B-A5C9E6BAF565}.Release|Any CPU.Build.0 = Release|Any CPU
		{6D53B3CD-E54B-4D69-A9F9-41FEA8DB4FB1}.Debug|Any CPU.ActiveCfg = Debug|Any CPU
		{6D53B3CD-E54B-4D69-A9F9-41FEA8DB4FB1}.Debug|Any CPU.Build.0 = Debug|Any CPU
		{6D53B3CD-E54B-4D69-A9F9-41FEA8DB4FB1}.Release|Any CPU.ActiveCfg = Release|Any CPU
		{6D53B3CD-E54B-4D69-A9F9-41FEA8DB4FB1}.Release|Any CPU.Build.0 = Release|Any CPU
	EndGlobalSection
	GlobalSection(SolutionProperties) = preSolution
		HideSolutionNode = FALSE
	EndGlobalSection
	GlobalSection(ExtensibilityGlobals) = postSolution
		SolutionGuid = {5F376E3B-9E5E-41D0-B8A3-10FC4A6CF587}
	EndGlobalSection
EndGlobal
