
Microsoft Visual Studio Solution File, Format Version 12.00
# Visual Studio Version 16
VisualStudioVersion = 16.0.31105.61
MinimumVisualStudioVersion = 10.0.40219.1
Project("{9A19103F-16F7-4668-BE54-9A1E7A4F7556}") = "PrimeiroProjeto", "PrimeiroProjeto\PrimeiroProjeto.csproj", "{29B09296-8A16-45B7-9D44-1E12E3924CA0}"
EndProject
Project("{9A19103F-16F7-4668-BE54-9A1E7A4F7556}") = "SegundoProjeto", "SegundoProjeto\SegundoProjeto.csproj", "{AFC6A12C-C436-466C-BBDB-D8369CDDECEB}"
EndProject
Project("{FAE04EC0-301F-11D3-BF4B-00C04F79EFBC}") = "ComplementarUm_CollectionVariosTipos", "ComplementarUm_CollectionVariosTipos\ComplementarUm_CollectionVariosTipos.csproj", "{9488BFD6-11CA-4C41-83E7-3A52B50FB164}"
EndProject
Project("{FAE04EC0-301F-11D3-BF4B-00C04F79EFBC}") = "ComplementarDois_GerenteFuncionario.Model", "ComplementarDois_GerenteFuncionario.Model\ComplementarDois_GerenteFuncionario.Model.csproj", "{5D8251D0-15AA-4577-A202-3AB8507D86C7}"
EndProject
Global
	GlobalSection(SolutionConfigurationPlatforms) = preSolution
		Debug|Any CPU = Debug|Any CPU
		Release|Any CPU = Release|Any CPU
	EndGlobalSection
	GlobalSection(ProjectConfigurationPlatforms) = postSolution
		{29B09296-8A16-45B7-9D44-1E12E3924CA0}.Debug|Any CPU.ActiveCfg = Debug|Any CPU
		{29B09296-8A16-45B7-9D44-1E12E3924CA0}.Debug|Any CPU.Build.0 = Debug|Any CPU
		{29B09296-8A16-45B7-9D44-1E12E3924CA0}.Release|Any CPU.ActiveCfg = Release|Any CPU
		{29B09296-8A16-45B7-9D44-1E12E3924CA0}.Release|Any CPU.Build.0 = Release|Any CPU
		{AFC6A12C-C436-466C-BBDB-D8369CDDECEB}.Debug|Any CPU.ActiveCfg = Debug|Any CPU
		{AFC6A12C-C436-466C-BBDB-D8369CDDECEB}.Debug|Any CPU.Build.0 = Debug|Any CPU
		{AFC6A12C-C436-466C-BBDB-D8369CDDECEB}.Release|Any CPU.ActiveCfg = Release|Any CPU
		{AFC6A12C-C436-466C-BBDB-D8369CDDECEB}.Release|Any CPU.Build.0 = Release|Any CPU
		{9488BFD6-11CA-4C41-83E7-3A52B50FB164}.Debug|Any CPU.ActiveCfg = Debug|Any CPU
		{9488BFD6-11CA-4C41-83E7-3A52B50FB164}.Debug|Any CPU.Build.0 = Debug|Any CPU
		{9488BFD6-11CA-4C41-83E7-3A52B50FB164}.Release|Any CPU.ActiveCfg = Release|Any CPU
		{9488BFD6-11CA-4C41-83E7-3A52B50FB164}.Release|Any CPU.Build.0 = Release|Any CPU
		{5D8251D0-15AA-4577-A202-3AB8507D86C7}.Debug|Any CPU.ActiveCfg = Debug|Any CPU
		{5D8251D0-15AA-4577-A202-3AB8507D86C7}.Debug|Any CPU.Build.0 = Debug|Any CPU
		{5D8251D0-15AA-4577-A202-3AB8507D86C7}.Release|Any CPU.ActiveCfg = Release|Any CPU
		{5D8251D0-15AA-4577-A202-3AB8507D86C7}.Release|Any CPU.Build.0 = Release|Any CPU
	EndGlobalSection
	GlobalSection(SolutionProperties) = preSolution
		HideSolutionNode = FALSE
	EndGlobalSection
	GlobalSection(ExtensibilityGlobals) = postSolution
		SolutionGuid = {43A4FEBA-65AA-46B0-A2D6-B1A4FE1DC49A}
	EndGlobalSection
EndGlobal
